
Microsoft Visual Studio Solution File, Format Version 12.00
# Visual Studio Version 17
VisualStudioVersion = 17.4.33103.184
MinimumVisualStudioVersion = 10.0.40219.1
Project("{9A19103F-16F7-4668-BE54-9A1E7A4F7556}") = "microcosm", "microcosm\microcosm.csproj", "{8D3D585A-CA97-4B7B-B32F-8272FB018587}"
EndProject
Project("{C7167F0D-BC9F-4E6E-AFE1-012C56B48DB5}") = "microcosmInstaller", "microcosmInstaller\microcosmInstaller.wapproj", "{63AF9E3B-6765-475E-B45D-77AA0783FBA4}"
EndProject
Project("{54435603-DBB4-11D2-8724-00A0C9A8B90C}") = "microcosmMsiInstaller", "microcosmMsiInstaller\microcosmMsiInstaller.vdproj", "{F9D421DD-468C-44AB-894C-D1C3186156C2}"
EndProject
Project("{9A19103F-16F7-4668-BE54-9A1E7A4F7556}") = "WpfApp1", "WpfApp1\WpfApp1.csproj", "{103582A4-CC9D-4158-A3CA-28E8BA9203CF}"
EndProject
Project("{C7167F0D-BC9F-4E6E-AFE1-012C56B48DB5}") = "microcosmInstaller2", "microcosmInstaller2\microcosmInstaller2.wapproj", "{B90C5669-8504-4E42-9671-FAE28633B742}"
EndProject
Project("{FAE04EC0-301F-11D3-BF4B-00C04F79EFBC}") = "ConsoleApp1", "ConsoleApp1\ConsoleApp1.csproj", "{EE5F977D-7425-43CB-9D62-0DFC32920F0E}"
EndProject
Global
	GlobalSection(SolutionConfigurationPlatforms) = preSolution
		Debug|Any CPU = Debug|Any CPU
		Debug|ARM = Debug|ARM
		Debug|ARM64 = Debug|ARM64
		Debug|x64 = Debug|x64
		Debug|x86 = Debug|x86
		Release|Any CPU = Release|Any CPU
		Release|ARM = Release|ARM
		Release|ARM64 = Release|ARM64
		Release|x64 = Release|x64
		Release|x86 = Release|x86
	EndGlobalSection
	GlobalSection(ProjectConfigurationPlatforms) = postSolution
		{8D3D585A-CA97-4B7B-B32F-8272FB018587}.Debug|Any CPU.ActiveCfg = Debug|Any CPU
		{8D3D585A-CA97-4B7B-B32F-8272FB018587}.Debug|Any CPU.Build.0 = Debug|Any CPU
		{8D3D585A-CA97-4B7B-B32F-8272FB018587}.Debug|ARM.ActiveCfg = Debug|Any CPU
		{8D3D585A-CA97-4B7B-B32F-8272FB018587}.Debug|ARM.Build.0 = Debug|Any CPU
		{8D3D585A-CA97-4B7B-B32F-8272FB018587}.Debug|ARM64.ActiveCfg = Debug|Any CPU
		{8D3D585A-CA97-4B7B-B32F-8272FB018587}.Debug|ARM64.Build.0 = Debug|Any CPU
		{8D3D585A-CA97-4B7B-B32F-8272FB018587}.Debug|x64.ActiveCfg = Debug|x64
		{8D3D585A-CA97-4B7B-B32F-8272FB018587}.Debug|x64.Build.0 = Debug|x64
		{8D3D585A-CA97-4B7B-B32F-8272FB018587}.Debug|x86.ActiveCfg = Debug|Any CPU
		{8D3D585A-CA97-4B7B-B32F-8272FB018587}.Debug|x86.Build.0 = Debug|Any CPU
		{8D3D585A-CA97-4B7B-B32F-8272FB018587}.Release|Any CPU.ActiveCfg = Release|Any CPU
		{8D3D585A-CA97-4B7B-B32F-8272FB018587}.Release|Any CPU.Build.0 = Release|Any CPU
		{8D3D585A-CA97-4B7B-B32F-8272FB018587}.Release|ARM.ActiveCfg = Release|Any CPU
		{8D3D585A-CA97-4B7B-B32F-8272FB018587}.Release|ARM.Build.0 = Release|Any CPU
		{8D3D585A-CA97-4B7B-B32F-8272FB018587}.Release|ARM64.ActiveCfg = Release|x64
		{8D3D585A-CA97-4B7B-B32F-8272FB018587}.Release|ARM64.Build.0 = Release|x64
		{8D3D585A-CA97-4B7B-B32F-8272FB018587}.Release|x64.ActiveCfg = Release|x64
		{8D3D585A-CA97-4B7B-B32F-8272FB018587}.Release|x64.Build.0 = Release|x64
		{8D3D585A-CA97-4B7B-B32F-8272FB018587}.Release|x86.ActiveCfg = Release|Any CPU
		{8D3D585A-CA97-4B7B-B32F-8272FB018587}.Release|x86.Build.0 = Release|Any CPU
		{63AF9E3B-6765-475E-B45D-77AA0783FBA4}.Debug|Any CPU.ActiveCfg = Debug|Any CPU
		{63AF9E3B-6765-475E-B45D-77AA0783FBA4}.Debug|Any CPU.Build.0 = Debug|Any CPU
		{63AF9E3B-6765-475E-B45D-77AA0783FBA4}.Debug|Any CPU.Deploy.0 = Debug|Any CPU
		{63AF9E3B-6765-475E-B45D-77AA0783FBA4}.Debug|ARM.ActiveCfg = Debug|ARM
		{63AF9E3B-6765-475E-B45D-77AA0783FBA4}.Debug|ARM.Build.0 = Debug|ARM
		{63AF9E3B-6765-475E-B45D-77AA0783FBA4}.Debug|ARM.Deploy.0 = Debug|ARM
		{63AF9E3B-6765-475E-B45D-77AA0783FBA4}.Debug|ARM64.ActiveCfg = Debug|ARM64
		{63AF9E3B-6765-475E-B45D-77AA0783FBA4}.Debug|ARM64.Build.0 = Debug|ARM64
		{63AF9E3B-6765-475E-B45D-77AA0783FBA4}.Debug|ARM64.Deploy.0 = Debug|ARM64
		{63AF9E3B-6765-475E-B45D-77AA0783FBA4}.Debug|x64.ActiveCfg = Debug|x64
		{63AF9E3B-6765-475E-B45D-77AA0783FBA4}.Debug|x64.Build.0 = Debug|x64
		{63AF9E3B-6765-475E-B45D-77AA0783FBA4}.Debug|x64.Deploy.0 = Debug|x64
		{63AF9E3B-6765-475E-B45D-77AA0783FBA4}.Debug|x86.ActiveCfg = Debug|x86
		{63AF9E3B-6765-475E-B45D-77AA0783FBA4}.Debug|x86.Build.0 = Debug|x86
		{63AF9E3B-6765-475E-B45D-77AA0783FBA4}.Debug|x86.Deploy.0 = Debug|x86
		{63AF9E3B-6765-475E-B45D-77AA0783FBA4}.Release|Any CPU.ActiveCfg = Release|Any CPU
		{63AF9E3B-6765-475E-B45D-77AA0783FBA4}.Release|Any CPU.Build.0 = Release|Any CPU
		{63AF9E3B-6765-475E-B45D-77AA0783FBA4}.Release|Any CPU.Deploy.0 = Release|Any CPU
		{63AF9E3B-6765-475E-B45D-77AA0783FBA4}.Release|ARM.ActiveCfg = Release|ARM
		{63AF9E3B-6765-475E-B45D-77AA0783FBA4}.Release|ARM.Build.0 = Release|ARM
		{63AF9E3B-6765-475E-B45D-77AA0783FBA4}.Release|ARM.Deploy.0 = Release|ARM
		{63AF9E3B-6765-475E-B45D-77AA0783FBA4}.Release|ARM64.ActiveCfg = Release|x64
		{63AF9E3B-6765-475E-B45D-77AA0783FBA4}.Release|ARM64.Build.0 = Release|x64
		{63AF9E3B-6765-475E-B45D-77AA0783FBA4}.Release|ARM64.Deploy.0 = Release|x64
		{63AF9E3B-6765-475E-B45D-77AA0783FBA4}.Release|x64.ActiveCfg = Release|x64
		{63AF9E3B-6765-475E-B45D-77AA0783FBA4}.Release|x64.Build.0 = Release|x64
		{63AF9E3B-6765-475E-B45D-77AA0783FBA4}.Release|x64.Deploy.0 = Release|x64
		{63AF9E3B-6765-475E-B45D-77AA0783FBA4}.Release|x86.ActiveCfg = Release|x86
		{63AF9E3B-6765-475E-B45D-77AA0783FBA4}.Release|x86.Build.0 = Release|x86
		{63AF9E3B-6765-475E-B45D-77AA0783FBA4}.Release|x86.Deploy.0 = Release|x86
		{F9D421DD-468C-44AB-894C-D1C3186156C2}.Debug|Any CPU.ActiveCfg = Debug
		{F9D421DD-468C-44AB-894C-D1C3186156C2}.Debug|ARM.ActiveCfg = Debug
		{F9D421DD-468C-44AB-894C-D1C3186156C2}.Debug|ARM64.ActiveCfg = Debug
		{F9D421DD-468C-44AB-894C-D1C3186156C2}.Debug|x64.ActiveCfg = Debug
		{F9D421DD-468C-44AB-894C-D1C3186156C2}.Debug|x86.ActiveCfg = Debug
		{F9D421DD-468C-44AB-894C-D1C3186156C2}.Release|Any CPU.ActiveCfg = Release
		{F9D421DD-468C-44AB-894C-D1C3186156C2}.Release|ARM.ActiveCfg = Release
		{F9D421DD-468C-44AB-894C-D1C3186156C2}.Release|ARM64.ActiveCfg = Release
		{F9D421DD-468C-44AB-894C-D1C3186156C2}.Release|x64.ActiveCfg = Release
		{F9D421DD-468C-44AB-894C-D1C3186156C2}.Release|x86.ActiveCfg = Release
		{103582A4-CC9D-4158-A3CA-28E8BA9203CF}.Debug|Any CPU.ActiveCfg = Debug|Any CPU
		{103582A4-CC9D-4158-A3CA-28E8BA9203CF}.Debug|Any CPU.Build.0 = Debug|Any CPU
		{103582A4-CC9D-4158-A3CA-28E8BA9203CF}.Debug|ARM.ActiveCfg = Debug|Any CPU
		{103582A4-CC9D-4158-A3CA-28E8BA9203CF}.Debug|ARM.Build.0 = Debug|Any CPU
		{103582A4-CC9D-4158-A3CA-28E8BA9203CF}.Debug|ARM64.ActiveCfg = Debug|Any CPU
		{103582A4-CC9D-4158-A3CA-28E8BA9203CF}.Debug|ARM64.Build.0 = Debug|Any CPU
		{103582A4-CC9D-4158-A3CA-28E8BA9203CF}.Debug|x64.ActiveCfg = Debug|Any CPU
		{103582A4-CC9D-4158-A3CA-28E8BA9203CF}.Debug|x64.Build.0 = Debug|Any CPU
		{103582A4-CC9D-4158-A3CA-28E8BA9203CF}.Debug|x86.ActiveCfg = Debug|Any CPU
		{103582A4-CC9D-4158-A3CA-28E8BA9203CF}.Debug|x86.Build.0 = Debug|Any CPU
		{103582A4-CC9D-4158-A3CA-28E8BA9203CF}.Release|Any CPU.ActiveCfg = Release|Any CPU
		{103582A4-CC9D-4158-A3CA-28E8BA9203CF}.Release|Any CPU.Build.0 = Release|Any CPU
		{103582A4-CC9D-4158-A3CA-28E8BA9203CF}.Release|ARM.ActiveCfg = Release|Any CPU
		{103582A4-CC9D-4158-A3CA-28E8BA9203CF}.Release|ARM.Build.0 = Release|Any CPU
		{103582A4-CC9D-4158-A3CA-28E8BA9203CF}.Release|ARM64.ActiveCfg = Release|Any CPU
		{103582A4-CC9D-4158-A3CA-28E8BA9203CF}.Release|ARM64.Build.0 = Release|Any CPU
		{103582A4-CC9D-4158-A3CA-28E8BA9203CF}.Release|x64.ActiveCfg = Release|Any CPU
		{103582A4-CC9D-4158-A3CA-28E8BA9203CF}.Release|x64.Build.0 = Release|Any CPU
		{103582A4-CC9D-4158-A3CA-28E8BA9203CF}.Release|x86.ActiveCfg = Release|Any CPU
		{103582A4-CC9D-4158-A3CA-28E8BA9203CF}.Release|x86.Build.0 = Release|Any CPU
		{B90C5669-8504-4E42-9671-FAE28633B742}.Debug|Any CPU.ActiveCfg = Debug|Any CPU
		{B90C5669-8504-4E42-9671-FAE28633B742}.Debug|Any CPU.Build.0 = Debug|Any CPU
		{B90C5669-8504-4E42-9671-FAE28633B742}.Debug|Any CPU.Deploy.0 = Debug|Any CPU
		{B90C5669-8504-4E42-9671-FAE28633B742}.Debug|ARM.ActiveCfg = Debug|ARM
		{B90C5669-8504-4E42-9671-FAE28633B742}.Debug|ARM.Build.0 = Debug|ARM
		{B90C5669-8504-4E42-9671-FAE28633B742}.Debug|ARM.Deploy.0 = Debug|ARM
		{B90C5669-8504-4E42-9671-FAE28633B742}.Debug|ARM64.ActiveCfg = Debug|ARM64
		{B90C5669-8504-4E42-9671-FAE28633B742}.Debug|ARM64.Build.0 = Debug|ARM64
		{B90C5669-8504-4E42-9671-FAE28633B742}.Debug|ARM64.Deploy.0 = Debug|ARM64
		{B90C5669-8504-4E42-9671-FAE28633B742}.Debug|x64.ActiveCfg = Debug|x64
		{B90C5669-8504-4E42-9671-FAE28633B742}.Debug|x64.Build.0 = Debug|x64
		{B90C5669-8504-4E42-9671-FAE28633B742}.Debug|x64.Deploy.0 = Debug|x64
		{B90C5669-8504-4E42-9671-FAE28633B742}.Debug|x86.ActiveCfg = Debug|x86
		{B90C5669-8504-4E42-9671-FAE28633B742}.Debug|x86.Build.0 = Debug|x86
		{B90C5669-8504-4E42-9671-FAE28633B742}.Debug|x86.Deploy.0 = Debug|x86
		{B90C5669-8504-4E42-9671-FAE28633B742}.Release|Any CPU.ActiveCfg = Release|Any CPU
		{B90C5669-8504-4E42-9671-FAE28633B742}.Release|Any CPU.Build.0 = Release|Any CPU
		{B90C5669-8504-4E42-9671-FAE28633B742}.Release|Any CPU.Deploy.0 = Release|Any CPU
		{B90C5669-8504-4E42-9671-FAE28633B742}.Release|ARM.ActiveCfg = Release|ARM
		{B90C5669-8504-4E42-9671-FAE28633B742}.Release|ARM.Build.0 = Release|ARM
		{B90C5669-8504-4E42-9671-FAE28633B742}.Release|ARM.Deploy.0 = Release|ARM
		{B90C5669-8504-4E42-9671-FAE28633B742}.Release|ARM64.ActiveCfg = Release|x64
		{B90C5669-8504-4E42-9671-FAE28633B742}.Release|ARM64.Build.0 = Release|x64
		{B90C5669-8504-4E42-9671-FAE28633B742}.Release|ARM64.Deploy.0 = Release|x64
		{B90C5669-8504-4E42-9671-FAE28633B742}.Release|x64.ActiveCfg = Release|x64
		{B90C5669-8504-4E42-9671-FAE28633B742}.Release|x64.Build.0 = Release|x64
		{B90C5669-8504-4E42-9671-FAE28633B742}.Release|x64.Deploy.0 = Release|x64
		{B90C5669-8504-4E42-9671-FAE28633B742}.Release|x86.ActiveCfg = Release|x86
		{B90C5669-8504-4E42-9671-FAE28633B742}.Release|x86.Build.0 = Release|x86
		{B90C5669-8504-4E42-9671-FAE28633B742}.Release|x86.Deploy.0 = Release|x86
		{EE5F977D-7425-43CB-9D62-0DFC32920F0E}.Debug|Any CPU.ActiveCfg = Debug|Any CPU
		{EE5F977D-7425-43CB-9D62-0DFC32920F0E}.Debug|Any CPU.Build.0 = Debug|Any CPU
		{EE5F977D-7425-43CB-9D62-0DFC32920F0E}.Debug|ARM.ActiveCfg = Debug|Any CPU
		{EE5F977D-7425-43CB-9D62-0DFC32920F0E}.Debug|ARM.Build.0 = Debug|Any CPU
		{EE5F977D-7425-43CB-9D62-0DFC32920F0E}.Debug|ARM64.ActiveCfg = Debug|Any CPU
		{EE5F977D-7425-43CB-9D62-0DFC32920F0E}.Debug|ARM64.Build.0 = Debug|Any CPU
		{EE5F977D-7425-43CB-9D62-0DFC32920F0E}.Debug|x64.ActiveCfg = Debug|Any CPU
		{EE5F977D-7425-43CB-9D62-0DFC32920F0E}.Debug|x64.Build.0 = Debug|Any CPU
		{EE5F977D-7425-43CB-9D62-0DFC32920F0E}.Debug|x86.ActiveCfg = Debug|Any CPU
		{EE5F977D-7425-43CB-9D62-0DFC32920F0E}.Debug|x86.Build.0 = Debug|Any CPU
		{EE5F977D-7425-43CB-9D62-0DFC32920F0E}.Release|Any CPU.ActiveCfg = Release|Any CPU
		{EE5F977D-7425-43CB-9D62-0DFC32920F0E}.Release|Any CPU.Build.0 = Release|Any CPU
		{EE5F977D-7425-43CB-9D62-0DFC32920F0E}.Release|ARM.ActiveCfg = Release|Any CPU
		{EE5F977D-7425-43CB-9D62-0DFC32920F0E}.Release|ARM.Build.0 = Release|Any CPU
		{EE5F977D-7425-43CB-9D62-0DFC32920F0E}.Release|ARM64.ActiveCfg = Release|Any CPU
		{EE5F977D-7425-43CB-9D62-0DFC32920F0E}.Release|ARM64.Build.0 = Release|Any CPU
		{EE5F977D-7425-43CB-9D62-0DFC32920F0E}.Release|x64.ActiveCfg = Release|Any CPU
		{EE5F977D-7425-43CB-9D62-0DFC32920F0E}.Release|x64.Build.0 = Release|Any CPU
		{EE5F977D-7425-43CB-9D62-0DFC32920F0E}.Release|x86.ActiveCfg = Release|Any CPU
		{EE5F977D-7425-43CB-9D62-0DFC32920F0E}.Release|x86.Build.0 = Release|Any CPU
	EndGlobalSection
	GlobalSection(SolutionProperties) = preSolution
		HideSolutionNode = FALSE
	EndGlobalSection
	GlobalSection(ExtensibilityGlobals) = postSolution
		SolutionGuid = {9FDF96CB-F668-4DEA-BD03-4809F11A19CE}
	EndGlobalSection
EndGlobal
